
Microsoft Visual Studio Solution File, Format Version 12.00
# Visual Studio 14
VisualStudioVersion = 14.0.25420.1
MinimumVisualStudioVersion = 10.0.40219.1
Project("{8BC9CEB8-8B4A-11D0-8D11-00A0C91BC942}") = "斐波那契数列", "OJ\OJ.vcxproj", "{E6E1B485-FB6B-432E-BBD6-D70795650BA8}"
EndProject
Project("{8BC9CEB8-8B4A-11D0-8D11-00A0C91BC942}") = "斐波那契数列（进阶）", "斐波那契数列（进阶）\斐波那契数列（进阶）.vcxproj", "{BA96004F-40AD-4996-AAF1-45E88D2D4445}"
EndProject
Project("{8BC9CEB8-8B4A-11D0-8D11-00A0C91BC942}") = "软妹币", "软妹币\软妹币.vcxproj", "{2B2312BF-6969-4EDB-97D4-B2CC29E85E22}"
EndProject
Project("{8BC9CEB8-8B4A-11D0-8D11-00A0C91BC942}") = "那罗延数(粥可赛艇)", "那罗延数(粥可赛艇)\那罗延数(粥可赛艇).vcxproj", "{5D839AF1-7FC1-47B9-93A2-8E9CCAEEE941}"
EndProject
Project("{8BC9CEB8-8B4A-11D0-8D11-00A0C91BC942}") = "正方形圈点(彩虹糖)", "正方形圈点(彩虹糖)\正方形圈点(彩虹糖).vcxproj", "{2F976041-E145-4AA1-A81A-B690CA7421C3}"
EndProject
Project("{8BC9CEB8-8B4A-11D0-8D11-00A0C91BC942}") = "会做题的兔兔", "会做题的兔兔\会做题的兔兔.vcxproj", "{EB715E6E-0CB7-4E5D-9D59-E13468378F44}"
EndProject
Project("{8BC9CEB8-8B4A-11D0-8D11-00A0C91BC942}") = "电话号码的字母组合", "电话号码的字母组合\电话号码的字母组合.vcxproj", "{3E1C1E71-32D3-46E4-8BFB-E2EBE92E0C80}"
EndProject
Project("{8BC9CEB8-8B4A-11D0-8D11-00A0C91BC942}") = "异位字符", "异为字符\异为字符.vcxproj", "{6F62146F-12F9-4993-9EEB-FE39CDBC1DB5}"
EndProject
Project("{8BC9CEB8-8B4A-11D0-8D11-00A0C91BC942}") = "春天来了-计算腼腆值", "春天来了-计算腼腆值\春天来了-计算腼腆值.vcxproj", "{A79B242A-BAA3-40AE-96D6-722F0FB2E816}"
EndProject
Project("{8BC9CEB8-8B4A-11D0-8D11-00A0C91BC942}") = "超级素数", "超级素数\超级素数.vcxproj", "{42B0F4E2-8AFF-45D6-92E5-1F1013FDA2A7}"
EndProject
Project("{8BC9CEB8-8B4A-11D0-8D11-00A0C91BC942}") = "3.无重复字符的最长子串", "无重复字符的最长子串\无重复字符的最长子串.vcxproj", "{6AE4A16C-3900-4607-AD3C-F9B94AD0D9FE}"
EndProject
Project("{8BC9CEB8-8B4A-11D0-8D11-00A0C91BC942}") = "150.逆波兰表达式求值", "150.逆波兰表达式求值\150.逆波兰表达式求值.vcxproj", "{0EAF809E-9B7B-4101-8EF2-579F35C5807B}"
EndProject
Project("{8BC9CEB8-8B4A-11D0-8D11-00A0C91BC942}") = "韬韬与神の数(36)", "韬韬の签到题(统计ACM)\韬韬の签到题(统计ACM).vcxproj", "{FDB5417B-638F-49E1-AD56-511113D8D90F}"
EndProject
Global
	GlobalSection(SolutionConfigurationPlatforms) = preSolution
		Debug|x64 = Debug|x64
		Debug|x86 = Debug|x86
		Release|x64 = Release|x64
		Release|x86 = Release|x86
	EndGlobalSection
	GlobalSection(ProjectConfigurationPlatforms) = postSolution
		{E6E1B485-FB6B-432E-BBD6-D70795650BA8}.Debug|x64.ActiveCfg = Debug|x64
		{E6E1B485-FB6B-432E-BBD6-D70795650BA8}.Debug|x64.Build.0 = Debug|x64
		{E6E1B485-FB6B-432E-BBD6-D70795650BA8}.Debug|x86.ActiveCfg = Debug|Win32
		{E6E1B485-FB6B-432E-BBD6-D70795650BA8}.Debug|x86.Build.0 = Debug|Win32
		{E6E1B485-FB6B-432E-BBD6-D70795650BA8}.Release|x64.ActiveCfg = Release|x64
		{E6E1B485-FB6B-432E-BBD6-D70795650BA8}.Release|x64.Build.0 = Release|x64
		{E6E1B485-FB6B-432E-BBD6-D70795650BA8}.Release|x86.ActiveCfg = Release|Win32
		{E6E1B485-FB6B-432E-BBD6-D70795650BA8}.Release|x86.Build.0 = Release|Win32
		{BA96004F-40AD-4996-AAF1-45E88D2D4445}.Debug|x64.ActiveCfg = Debug|x64
		{BA96004F-40AD-4996-AAF1-45E88D2D4445}.Debug|x64.Build.0 = Debug|x64
		{BA96004F-40AD-4996-AAF1-45E88D2D4445}.Debug|x86.ActiveCfg = Debug|Win32
		{BA96004F-40AD-4996-AAF1-45E88D2D4445}.Debug|x86.Build.0 = Debug|Win32
		{BA96004F-40AD-4996-AAF1-45E88D2D4445}.Release|x64.ActiveCfg = Release|x64
		{BA96004F-40AD-4996-AAF1-45E88D2D4445}.Release|x64.Build.0 = Release|x64
		{BA96004F-40AD-4996-AAF1-45E88D2D4445}.Release|x86.ActiveCfg = Release|Win32
		{BA96004F-40AD-4996-AAF1-45E88D2D4445}.Release|x86.Build.0 = Release|Win32
		{2B2312BF-6969-4EDB-97D4-B2CC29E85E22}.Debug|x64.ActiveCfg = Debug|x64
		{2B2312BF-6969-4EDB-97D4-B2CC29E85E22}.Debug|x64.Build.0 = Debug|x64
		{2B2312BF-6969-4EDB-97D4-B2CC29E85E22}.Debug|x86.ActiveCfg = Debug|Win32
		{2B2312BF-6969-4EDB-97D4-B2CC29E85E22}.Debug|x86.Build.0 = Debug|Win32
		{2B2312BF-6969-4EDB-97D4-B2CC29E85E22}.Release|x64.ActiveCfg = Release|x64
		{2B2312BF-6969-4EDB-97D4-B2CC29E85E22}.Release|x64.Build.0 = Release|x64
		{2B2312BF-6969-4EDB-97D4-B2CC29E85E22}.Release|x86.ActiveCfg = Release|Win32
		{2B2312BF-6969-4EDB-97D4-B2CC29E85E22}.Release|x86.Build.0 = Release|Win32
		{5D839AF1-7FC1-47B9-93A2-8E9CCAEEE941}.Debug|x64.ActiveCfg = Debug|x64
		{5D839AF1-7FC1-47B9-93A2-8E9CCAEEE941}.Debug|x64.Build.0 = Debug|x64
		{5D839AF1-7FC1-47B9-93A2-8E9CCAEEE941}.Debug|x86.ActiveCfg = Debug|Win32
		{5D839AF1-7FC1-47B9-93A2-8E9CCAEEE941}.Debug|x86.Build.0 = Debug|Win32
		{5D839AF1-7FC1-47B9-93A2-8E9CCAEEE941}.Release|x64.ActiveCfg = Release|x64
		{5D839AF1-7FC1-47B9-93A2-8E9CCAEEE941}.Release|x64.Build.0 = Release|x64
		{5D839AF1-7FC1-47B9-93A2-8E9CCAEEE941}.Release|x86.ActiveCfg = Release|Win32
		{5D839AF1-7FC1-47B9-93A2-8E9CCAEEE941}.Release|x86.Build.0 = Release|Win32
		{2F976041-E145-4AA1-A81A-B690CA7421C3}.Debug|x64.ActiveCfg = Debug|x64
		{2F976041-E145-4AA1-A81A-B690CA7421C3}.Debug|x64.Build.0 = Debug|x64
		{2F976041-E145-4AA1-A81A-B690CA7421C3}.Debug|x86.ActiveCfg = Debug|Win32
		{2F976041-E145-4AA1-A81A-B690CA7421C3}.Debug|x86.Build.0 = Debug|Win32
		{2F976041-E145-4AA1-A81A-B690CA7421C3}.Release|x64.ActiveCfg = Release|x64
		{2F976041-E145-4AA1-A81A-B690CA7421C3}.Release|x64.Build.0 = Release|x64
		{2F976041-E145-4AA1-A81A-B690CA7421C3}.Release|x86.ActiveCfg = Release|Win32
		{2F976041-E145-4AA1-A81A-B690CA7421C3}.Release|x86.Build.0 = Release|Win32
		{EB715E6E-0CB7-4E5D-9D59-E13468378F44}.Debug|x64.ActiveCfg = Debug|x64
		{EB715E6E-0CB7-4E5D-9D59-E13468378F44}.Debug|x64.Build.0 = Debug|x64
		{EB715E6E-0CB7-4E5D-9D59-E13468378F44}.Debug|x86.ActiveCfg = Debug|Win32
		{EB715E6E-0CB7-4E5D-9D59-E13468378F44}.Debug|x86.Build.0 = Debug|Win32
		{EB715E6E-0CB7-4E5D-9D59-E13468378F44}.Release|x64.ActiveCfg = Release|x64
		{EB715E6E-0CB7-4E5D-9D59-E13468378F44}.Release|x64.Build.0 = Release|x64
		{EB715E6E-0CB7-4E5D-9D59-E13468378F44}.Release|x86.ActiveCfg = Release|Win32
		{EB715E6E-0CB7-4E5D-9D59-E13468378F44}.Release|x86.Build.0 = Release|Win32
		{3E1C1E71-32D3-46E4-8BFB-E2EBE92E0C80}.Debug|x64.ActiveCfg = Debug|x64
		{3E1C1E71-32D3-46E4-8BFB-E2EBE92E0C80}.Debug|x64.Build.0 = Debug|x64
		{3E1C1E71-32D3-46E4-8BFB-E2EBE92E0C80}.Debug|x86.ActiveCfg = Debug|Win32
		{3E1C1E71-32D3-46E4-8BFB-E2EBE92E0C80}.Debug|x86.Build.0 = Debug|Win32
		{3E1C1E71-32D3-46E4-8BFB-E2EBE92E0C80}.Release|x64.ActiveCfg = Release|x64
		{3E1C1E71-32D3-46E4-8BFB-E2EBE92E0C80}.Release|x64.Build.0 = Release|x64
		{3E1C1E71-32D3-46E4-8BFB-E2EBE92E0C80}.Release|x86.ActiveCfg = Release|Win32
		{3E1C1E71-32D3-46E4-8BFB-E2EBE92E0C80}.Release|x86.Build.0 = Release|Win32
		{6F62146F-12F9-4993-9EEB-FE39CDBC1DB5}.Debug|x64.ActiveCfg = Debug|x64
		{6F62146F-12F9-4993-9EEB-FE39CDBC1DB5}.Debug|x64.Build.0 = Debug|x64
		{6F62146F-12F9-4993-9EEB-FE39CDBC1DB5}.Debug|x86.ActiveCfg = Debug|Win32
		{6F62146F-12F9-4993-9EEB-FE39CDBC1DB5}.Debug|x86.Build.0 = Debug|Win32
		{6F62146F-12F9-4993-9EEB-FE39CDBC1DB5}.Release|x64.ActiveCfg = Release|x64
		{6F62146F-12F9-4993-9EEB-FE39CDBC1DB5}.Release|x64.Build.0 = Release|x64
		{6F62146F-12F9-4993-9EEB-FE39CDBC1DB5}.Release|x86.ActiveCfg = Release|Win32
		{6F62146F-12F9-4993-9EEB-FE39CDBC1DB5}.Release|x86.Build.0 = Release|Win32
		{A79B242A-BAA3-40AE-96D6-722F0FB2E816}.Debug|x64.ActiveCfg = Debug|x64
		{A79B242A-BAA3-40AE-96D6-722F0FB2E816}.Debug|x64.Build.0 = Debug|x64
		{A79B242A-BAA3-40AE-96D6-722F0FB2E816}.Debug|x86.ActiveCfg = Debug|Win32
		{A79B242A-BAA3-40AE-96D6-722F0FB2E816}.Debug|x86.Build.0 = Debug|Win32
		{A79B242A-BAA3-40AE-96D6-722F0FB2E816}.Release|x64.ActiveCfg = Release|x64
		{A79B242A-BAA3-40AE-96D6-722F0FB2E816}.Release|x64.Build.0 = Release|x64
		{A79B242A-BAA3-40AE-96D6-722F0FB2E816}.Release|x86.ActiveCfg = Release|Win32
		{A79B242A-BAA3-40AE-96D6-722F0FB2E816}.Release|x86.Build.0 = Release|Win32
		{42B0F4E2-8AFF-45D6-92E5-1F1013FDA2A7}.Debug|x64.ActiveCfg = Debug|x64
		{42B0F4E2-8AFF-45D6-92E5-1F1013FDA2A7}.Debug|x64.Build.0 = Debug|x64
		{42B0F4E2-8AFF-45D6-92E5-1F1013FDA2A7}.Debug|x86.ActiveCfg = Debug|Win32
		{42B0F4E2-8AFF-45D6-92E5-1F1013FDA2A7}.Debug|x86.Build.0 = Debug|Win32
		{42B0F4E2-8AFF-45D6-92E5-1F1013FDA2A7}.Release|x64.ActiveCfg = Release|x64
		{42B0F4E2-8AFF-45D6-92E5-1F1013FDA2A7}.Release|x64.Build.0 = Release|x64
		{42B0F4E2-8AFF-45D6-92E5-1F1013FDA2A7}.Release|x86.ActiveCfg = Release|Win32
		{42B0F4E2-8AFF-45D6-92E5-1F1013FDA2A7}.Release|x86.Build.0 = Release|Win32
		{6AE4A16C-3900-4607-AD3C-F9B94AD0D9FE}.Debug|x64.ActiveCfg = Debug|x64
		{6AE4A16C-3900-4607-AD3C-F9B94AD0D9FE}.Debug|x64.Build.0 = Debug|x64
		{6AE4A16C-3900-4607-AD3C-F9B94AD0D9FE}.Debug|x86.ActiveCfg = Debug|Win32
		{6AE4A16C-3900-4607-AD3C-F9B94AD0D9FE}.Debug|x86.Build.0 = Debug|Win32
		{6AE4A16C-3900-4607-AD3C-F9B94AD0D9FE}.Release|x64.ActiveCfg = Release|x64
		{6AE4A16C-3900-4607-AD3C-F9B94AD0D9FE}.Release|x64.Build.0 = Release|x64
		{6AE4A16C-3900-4607-AD3C-F9B94AD0D9FE}.Release|x86.ActiveCfg = Release|Win32
		{6AE4A16C-3900-4607-AD3C-F9B94AD0D9FE}.Release|x86.Build.0 = Release|Win32
		{0EAF809E-9B7B-4101-8EF2-579F35C5807B}.Debug|x64.ActiveCfg = Debug|x64
		{0EAF809E-9B7B-4101-8EF2-579F35C5807B}.Debug|x64.Build.0 = Debug|x64
		{0EAF809E-9B7B-4101-8EF2-579F35C5807B}.Debug|x86.ActiveCfg = Debug|Win32
		{0EAF809E-9B7B-4101-8EF2-579F35C5807B}.Debug|x86.Build.0 = Debug|Win32
		{0EAF809E-9B7B-4101-8EF2-579F35C5807B}.Release|x64.ActiveCfg = Release|x64
		{0EAF809E-9B7B-4101-8EF2-579F35C5807B}.Release|x64.Build.0 = Release|x64
		{0EAF809E-9B7B-4101-8EF2-579F35C5807B}.Release|x86.ActiveCfg = Release|Win32
		{0EAF809E-9B7B-4101-8EF2-579F35C5807B}.Release|x86.Build.0 = Release|Win32
		{FDB5417B-638F-49E1-AD56-511113D8D90F}.Debug|x64.ActiveCfg = Debug|x64
		{FDB5417B-638F-49E1-AD56-511113D8D90F}.Debug|x64.Build.0 = Debug|x64
		{FDB5417B-638F-49E1-AD56-511113D8D90F}.Debug|x86.ActiveCfg = Debug|Win32
		{FDB5417B-638F-49E1-AD56-511113D8D90F}.Debug|x86.Build.0 = Debug|Win32
		{FDB5417B-638F-49E1-AD56-511113D8D90F}.Release|x64.ActiveCfg = Release|x64
		{FDB5417B-638F-49E1-AD56-511113D8D90F}.Release|x64.Build.0 = Release|x64
		{FDB5417B-638F-49E1-AD56-511113D8D90F}.Release|x86.ActiveCfg = Release|Win32
		{FDB5417B-638F-49E1-AD56-511113D8D90F}.Release|x86.Build.0 = Release|Win32
	EndGlobalSection
	GlobalSection(SolutionProperties) = preSolution
		HideSolutionNode = FALSE
	EndGlobalSection
EndGlobal
